
Microsoft Visual Studio Solution File, Format Version 12.00
# Visual Studio Version 16
VisualStudioVersion = 16.0.31424.327
MinimumVisualStudioVersion = 10.0.40219.1
Project("{9A19103F-16F7-4668-BE54-9A1E7A4F7556}") = "WebApi", "WebApi\WebApi.csproj", "{842DD948-443D-4123-8FFC-0238D92FABD6}"
EndProject
Project("{9A19103F-16F7-4668-BE54-9A1E7A4F7556}") = "Domain", "Domain\Domain.csproj", "{1603D868-D4F4-4D7C-86AB-AF5CAA2C97BF}"
EndProject
Project("{9A19103F-16F7-4668-BE54-9A1E7A4F7556}") = "Infrastructure", "Infrastructure\Infrastructure.csproj", "{70FA14B7-C29A-44B8-AD7D-E3830B717AA3}"
EndProject
Project("{9A19103F-16F7-4668-BE54-9A1E7A4F7556}") = "Service", "Service\Service.csproj", "{D098ABE7-0E43-41A5-8616-AD06AE191FDB}"
EndProject
Global
	GlobalSection(SolutionConfigurationPlatforms) = preSolution
		Debug|Any CPU = Debug|Any CPU
		Release|Any CPU = Release|Any CPU
	EndGlobalSection
	GlobalSection(ProjectConfigurationPlatforms) = postSolution
		{842DD948-443D-4123-8FFC-0238D92FABD6}.Debug|Any CPU.ActiveCfg = Debug|Any CPU
		{842DD948-443D-4123-8FFC-0238D92FABD6}.Debug|Any CPU.Build.0 = Debug|Any CPU
		{842DD948-443D-4123-8FFC-0238D92FABD6}.Release|Any CPU.ActiveCfg = Release|Any CPU
		{842DD948-443D-4123-8FFC-0238D92FABD6}.Release|Any CPU.Build.0 = Release|Any CPU
		{1603D868-D4F4-4D7C-86AB-AF5CAA2C97BF}.Debug|Any CPU.ActiveCfg = Debug|Any CPU
		{1603D868-D4F4-4D7C-86AB-AF5CAA2C97BF}.Debug|Any CPU.Build.0 = Debug|Any CPU
		{1603D868-D4F4-4D7C-86AB-AF5CAA2C97BF}.Release|Any CPU.ActiveCfg = Release|Any CPU
		{1603D868-D4F4-4D7C-86AB-AF5CAA2C97BF}.Release|Any CPU.Build.0 = Release|Any CPU
		{70FA14B7-C29A-44B8-AD7D-E3830B717AA3}.Debug|Any CPU.ActiveCfg = Debug|Any CPU
		{70FA14B7-C29A-44B8-AD7D-E3830B717AA3}.Debug|Any CPU.Build.0 = Debug|Any CPU
		{70FA14B7-C29A-44B8-AD7D-E3830B717AA3}.Release|Any CPU.ActiveCfg = Release|Any CPU
		{70FA14B7-C29A-44B8-AD7D-E3830B717AA3}.Release|Any CPU.Build.0 = Release|Any CPU
		{D098ABE7-0E43-41A5-8616-AD06AE191FDB}.Debug|Any CPU.ActiveCfg = Debug|Any CPU
		{D098ABE7-0E43-41A5-8616-AD06AE191FDB}.Debug|Any CPU.Build.0 = Debug|Any CPU
		{D098ABE7-0E43-41A5-8616-AD06AE191FDB}.Release|Any CPU.ActiveCfg = Release|Any CPU
		{D098ABE7-0E43-41A5-8616-AD06AE191FDB}.Release|Any CPU.Build.0 = Release|Any CPU
	EndGlobalSection
	GlobalSection(SolutionProperties) = preSolution
		HideSolutionNode = FALSE
	EndGlobalSection
	GlobalSection(ExtensibilityGlobals) = postSolution
		SolutionGuid = {E5BE81CD-C555-4219-A4BD-1EEF7034D3A1}
	EndGlobalSection
EndGlobal
